
Microsoft Visual Studio Solution File, Format Version 12.00
# Visual Studio Version 17
VisualStudioVersion = 17.14.37012.4 d17.14
MinimumVisualStudioVersion = 10.0.40219.1
Project("{8BC9CEB8-8B4A-11D0-8D11-00A0C91BC942}") = "LangSoundTSF", "LangSoundTSF.vcxproj", "{87251109-E952-4A32-BAA9-E239CCAD7512}"
EndProject
Project("{8BC9CEB8-8B4A-11D0-8D11-00A0C91BC942}") = "LangSoundTSFTest", "Test\LangSoundTSFTest.vcxproj", "{F5D39A64-3DE2-4FAE-9E21-0A07E4D1B8D1}"
EndProject
Global
	GlobalSection(SolutionConfigurationPlatforms) = preSolution
		Debug|x64 = Debug|x64
		Debug|x86 = Debug|x86
		Release|x64 = Release|x64
		Release|x86 = Release|x86
	EndGlobalSection
	GlobalSection(ProjectConfigurationPlatforms) = postSolution
		{87251109-E952-4A32-BAA9-E239CCAD7512}.Debug|x64.ActiveCfg = Debug|x64
		{87251109-E952-4A32-BAA9-E239CCAD7512}.Debug|x64.Build.0 = Debug|x64
		{87251109-E952-4A32-BAA9-E239CCAD7512}.Debug|x86.ActiveCfg = Debug|Win32
		{87251109-E952-4A32-BAA9-E239CCAD7512}.Debug|x86.Build.0 = Debug|Win32
		{87251109-E952-4A32-BAA9-E239CCAD7512}.Release|x64.ActiveCfg = Release|x64
		{87251109-E952-4A32-BAA9-E239CCAD7512}.Release|x64.Build.0 = Release|x64
		{87251109-E952-4A32-BAA9-E239CCAD7512}.Release|x86.ActiveCfg = Release|Win32
		{87251109-E952-4A32-BAA9-E239CCAD7512}.Release|x86.Build.0 = Release|Win32
		{F5D39A64-3DE2-4FAE-9E21-0A07E4D1B8D1}.Debug|x64.ActiveCfg = Debug|x64
		{F5D39A64-3DE2-4FAE-9E21-0A07E4D1B8D1}.Debug|x64.Build.0 = Debug|x64
		{F5D39A64-3DE2-4FAE-9E21-0A07E4D1B8D1}.Debug|x86.ActiveCfg = Debug|x64
		{F5D39A64-3DE2-4FAE-9E21-0A07E4D1B8D1}.Debug|x86.Build.0 = Debug|x64
		{F5D39A64-3DE2-4FAE-9E21-0A07E4D1B8D1}.Release|x64.ActiveCfg = Release|x64
		{F5D39A64-3DE2-4FAE-9E21-0A07E4D1B8D1}.Release|x64.Build.0 = Release|x64
		{F5D39A64-3DE2-4FAE-9E21-0A07E4D1B8D1}.Release|x86.ActiveCfg = Release|x64
		{F5D39A64-3DE2-4FAE-9E21-0A07E4D1B8D1}.Release|x86.Build.0 = Release|x64
	EndGlobalSection
	GlobalSection(SolutionProperties) = preSolution
		HideSolutionNode = FALSE
	EndGlobalSection
	GlobalSection(ExtensibilityGlobals) = postSolution
		SolutionGuid = {4F09D9D4-7100-48FD-85EF-344FC3BB9B21}
	EndGlobalSection
EndGlobal
